
Microsoft Visual Studio Solution File, Format Version 12.00
# Visual Studio Version 16
VisualStudioVersion = 16.0.30517.126
MinimumVisualStudioVersion = 10.0.40219.1
Project("{FAE04EC0-301F-11D3-BF4B-00C04F79EFBC}") = "komuna-web-platform", "komuna-web-platform\komuna-web-platform.csproj", "{84179796-8A5E-4E01-9430-D3520E4F7E54}"
EndProject
Global
	GlobalSection(SolutionConfigurationPlatforms) = preSolution
		Debug|Any CPU = Debug|Any CPU
		Release|Any CPU = Release|Any CPU
	EndGlobalSection
	GlobalSection(ProjectConfigurationPlatforms) = postSolution
		{84179796-8A5E-4E01-9430-D3520E4F7E54}.Debug|Any CPU.ActiveCfg = Debug|Any CPU
		{84179796-8A5E-4E01-9430-D3520E4F7E54}.Debug|Any CPU.Build.0 = Debug|Any CPU
		{84179796-8A5E-4E01-9430-D3520E4F7E54}.Release|Any CPU.ActiveCfg = Release|Any CPU
		{84179796-8A5E-4E01-9430-D3520E4F7E54}.Release|Any CPU.Build.0 = Release|Any CPU
	EndGlobalSection
	GlobalSection(SolutionProperties) = preSolution
		HideSolutionNode = FALSE
	EndGlobalSection
	GlobalSection(ExtensibilityGlobals) = postSolution
		SolutionGuid = {8F378619-A2AF-4219-B9DD-E3094372E3AB}
	EndGlobalSection
EndGlobal
